Microsoft Visual Studio Solution File, Format Version 12.00
# Visual Studio 2012
Project("{FAE04EC0-301F-11D3-BF4B-00C04F79EFBC}") = "Top-down Defense - Godot", "Top-down Defense - Godot.csproj", "{1FBBFDD6-1011-4E2E-A299-7F13279DDCAB}"
EndProject
Global
	GlobalSection(SolutionConfigurationPlatforms) = preSolution
	Debug|Any CPU = Debug|Any CPU
	ExportDebug|Any CPU = ExportDebug|Any CPU
	ExportRelease|Any CPU = ExportRelease|Any CPU
	EndGlobalSection
	GlobalSection(ProjectConfigurationPlatforms) = postSolution
		{1FBBFDD6-1011-4E2E-A299-7F13279DDCAB}.Debug|Any CPU.ActiveCfg = Debug|Any CPU
		{1FBBFDD6-1011-4E2E-A299-7F13279DDCAB}.Debug|Any CPU.Build.0 = Debug|Any CPU
		{1FBBFDD6-1011-4E2E-A299-7F13279DDCAB}.ExportDebug|Any CPU.ActiveCfg = ExportDebug|Any CPU
		{1FBBFDD6-1011-4E2E-A299-7F13279DDCAB}.ExportDebug|Any CPU.Build.0 = ExportDebug|Any CPU
		{1FBBFDD6-1011-4E2E-A299-7F13279DDCAB}.ExportRelease|Any CPU.ActiveCfg = ExportRelease|Any CPU
		{1FBBFDD6-1011-4E2E-A299-7F13279DDCAB}.ExportRelease|Any CPU.Build.0 = ExportRelease|Any CPU
	EndGlobalSection
EndGlobal
